
Microsoft Visual Studio Solution File, Format Version 12.00
# Visual Studio Version 16
VisualStudioVersion = 16.0.31424.327
MinimumVisualStudioVersion = 10.0.40219.1
Project("{FAE04EC0-301F-11D3-BF4B-00C04F79EFBC}") = "ejercicio1", "ejercicio1\ejercicio1.csproj", "{B4556BFA-70C9-48F2-9500-E8FAC55AF0E5}"
EndProject
Project("{FAE04EC0-301F-11D3-BF4B-00C04F79EFBC}") = "ejercicio2", "ejercicio2\ejercicio2.csproj", "{BD01FDBB-6CFC-43BE-8C56-DB5D92ECEF80}"
EndProject
Project("{FAE04EC0-301F-11D3-BF4B-00C04F79EFBC}") = "ejercicio3", "ejercicio3\ejercicio3.csproj", "{2052935B-80B1-4D05-B0B3-CA0665CFEE16}"
EndProject
Project("{FAE04EC0-301F-11D3-BF4B-00C04F79EFBC}") = "ejercicio4", "ejercicio4\ejercicio4.csproj", "{00288AFC-1412-4C98-9117-D6298EB9135D}"
EndProject
Project("{FAE04EC0-301F-11D3-BF4B-00C04F79EFBC}") = "ejercicio5", "ejercicio5\ejercicio5.csproj", "{27167758-E084-4748-B384-C05ED7A73084}"
EndProject
Project("{FAE04EC0-301F-11D3-BF4B-00C04F79EFBC}") = "prueba", "prueba\prueba.csproj", "{E10A718E-A487-4E25-954F-4923AC29D32C}"
EndProject
Global
	GlobalSection(SolutionConfigurationPlatforms) = preSolution
		Debug|Any CPU = Debug|Any CPU
		Release|Any CPU = Release|Any CPU
	EndGlobalSection
	GlobalSection(ProjectConfigurationPlatforms) = postSolution
		{B4556BFA-70C9-48F2-9500-E8FAC55AF0E5}.Debug|Any CPU.ActiveCfg = Debug|Any CPU
		{B4556BFA-70C9-48F2-9500-E8FAC55AF0E5}.Debug|Any CPU.Build.0 = Debug|Any CPU
		{B4556BFA-70C9-48F2-9500-E8FAC55AF0E5}.Release|Any CPU.ActiveCfg = Release|Any CPU
		{B4556BFA-70C9-48F2-9500-E8FAC55AF0E5}.Release|Any CPU.Build.0 = Release|Any CPU
		{BD01FDBB-6CFC-43BE-8C56-DB5D92ECEF80}.Debug|Any CPU.ActiveCfg = Debug|Any CPU
		{BD01FDBB-6CFC-43BE-8C56-DB5D92ECEF80}.Debug|Any CPU.Build.0 = Debug|Any CPU
		{BD01FDBB-6CFC-43BE-8C56-DB5D92ECEF80}.Release|Any CPU.ActiveCfg = Release|Any CPU
		{BD01FDBB-6CFC-43BE-8C56-DB5D92ECEF80}.Release|Any CPU.Build.0 = Release|Any CPU
		{2052935B-80B1-4D05-B0B3-CA0665CFEE16}.Debug|Any CPU.ActiveCfg = Debug|Any CPU
		{2052935B-80B1-4D05-B0B3-CA0665CFEE16}.Debug|Any CPU.Build.0 = Debug|Any CPU
		{2052935B-80B1-4D05-B0B3-CA0665CFEE16}.Release|Any CPU.ActiveCfg = Release|Any CPU
		{2052935B-80B1-4D05-B0B3-CA0665CFEE16}.Release|Any CPU.Build.0 = Release|Any CPU
		{00288AFC-1412-4C98-9117-D6298EB9135D}.Debug|Any CPU.ActiveCfg = Debug|Any CPU
		{00288AFC-1412-4C98-9117-D6298EB9135D}.Debug|Any CPU.Build.0 = Debug|Any CPU
		{00288AFC-1412-4C98-9117-D6298EB9135D}.Release|Any CPU.ActiveCfg = Release|Any CPU
		{00288AFC-1412-4C98-9117-D6298EB9135D}.Release|Any CPU.Build.0 = Release|Any CPU
		{27167758-E084-4748-B384-C05ED7A73084}.Debug|Any CPU.ActiveCfg = Debug|Any CPU
		{27167758-E084-4748-B384-C05ED7A73084}.Debug|Any CPU.Build.0 = Debug|Any CPU
		{27167758-E084-4748-B384-C05ED7A73084}.Release|Any CPU.ActiveCfg = Release|Any CPU
		{27167758-E084-4748-B384-C05ED7A73084}.Release|Any CPU.Build.0 = Release|Any CPU
		{E10A718E-A487-4E25-954F-4923AC29D32C}.Debug|Any CPU.ActiveCfg = Debug|Any CPU
		{E10A718E-A487-4E25-954F-4923AC29D32C}.Debug|Any CPU.Build.0 = Debug|Any CPU
		{E10A718E-A487-4E25-954F-4923AC29D32C}.Release|Any CPU.ActiveCfg = Release|Any CPU
		{E10A718E-A487-4E25-954F-4923AC29D32C}.Release|Any CPU.Build.0 = Release|Any CPU
	EndGlobalSection
	GlobalSection(SolutionProperties) = preSolution
		HideSolutionNode = FALSE
	EndGlobalSection
	GlobalSection(ExtensibilityGlobals) = postSolution
		SolutionGuid = {F821E743-D1C5-4063-9C18-F2E5E7ED089D}
	EndGlobalSection
EndGlobal
